
Microsoft Visual Studio Solution File, Format Version 12.00
# Visual Studio Version 16
VisualStudioVersion = 16.0.29911.84
MinimumVisualStudioVersion = 15.0.26124.0
Project("{9A19103F-16F7-4668-BE54-9A1E7A4F7556}") = "docker-compose", "deploy\docker-compose.dcproj", "{EEA93AD4-0A8F-41C7-8533-C552974FD442}"
EndProject
Project("{9A19103F-16F7-4668-BE54-9A1E7A4F7556}") = "Bot.DataAccessLayer", "src\Bot.DataAccessLayer\Bot.DataAccessLayer.csproj", "{962A97FD-236B-49E2-A6D2-8166D307E106}"
EndProject
Project("{9A19103F-16F7-4668-BE54-9A1E7A4F7556}") = "Bot.DataStore", "src\Bot.DataStore\Bot.DataStore.csproj", "{81420488-280A-45D4-954F-FA2FDE6B7A09}"
EndProject
Project("{2150E333-8FDC-42A3-9474-1A3956D46DE8}") = "Web", "Web", "{3853A977-749F-48D2-B90C-2124978B679B}"
EndProject
Project("{9A19103F-16F7-4668-BE54-9A1E7A4F7556}") = "Client", "src\Bot.UI\Client\Client.csproj", "{53569D4C-6787-47F8-9C1B-2E8DF71991F4}"
EndProject
Project("{9A19103F-16F7-4668-BE54-9A1E7A4F7556}") = "Server", "src\Bot.UI\Server\Server.csproj", "{0648A192-3A90-4351-B500-3B7970762AF0}"
EndProject
Project("{9A19103F-16F7-4668-BE54-9A1E7A4F7556}") = "Shared", "src\Bot.UI\Shared\Shared.csproj", "{B924FF1A-D733-47A0-864D-10B3BF37ECB8}"
EndProject
Project("{FAE04EC0-301F-11D3-BF4B-00C04F79EFBC}") = "Bot.WebService", "src\Bot.WebService\Bot.WebService.csproj", "{FCB24D46-C6D8-4F01-8285-335B8A2970AB}"
EndProject
Global
	GlobalSection(SolutionConfigurationPlatforms) = preSolution
		Debug|Any CPU = Debug|Any CPU
		Debug|x64 = Debug|x64
		Debug|x86 = Debug|x86
		Release|Any CPU = Release|Any CPU
		Release|x64 = Release|x64
		Release|x86 = Release|x86
	EndGlobalSection
	GlobalSection(ProjectConfigurationPlatforms) = postSolution
		{EEA93AD4-0A8F-41C7-8533-C552974FD442}.Debug|Any CPU.ActiveCfg = Debug|Any CPU
		{EEA93AD4-0A8F-41C7-8533-C552974FD442}.Debug|Any CPU.Build.0 = Debug|Any CPU
		{EEA93AD4-0A8F-41C7-8533-C552974FD442}.Debug|x64.ActiveCfg = Debug|Any CPU
		{EEA93AD4-0A8F-41C7-8533-C552974FD442}.Debug|x64.Build.0 = Debug|Any CPU
		{EEA93AD4-0A8F-41C7-8533-C552974FD442}.Debug|x86.ActiveCfg = Debug|Any CPU
		{EEA93AD4-0A8F-41C7-8533-C552974FD442}.Debug|x86.Build.0 = Debug|Any CPU
		{EEA93AD4-0A8F-41C7-8533-C552974FD442}.Release|Any CPU.ActiveCfg = Debug|Any CPU
		{EEA93AD4-0A8F-41C7-8533-C552974FD442}.Release|Any CPU.Build.0 = Debug|Any CPU
		{EEA93AD4-0A8F-41C7-8533-C552974FD442}.Release|x64.ActiveCfg = Debug|Any CPU
		{EEA93AD4-0A8F-41C7-8533-C552974FD442}.Release|x64.Build.0 = Debug|Any CPU
		{EEA93AD4-0A8F-41C7-8533-C552974FD442}.Release|x86.ActiveCfg = Debug|Any CPU
		{EEA93AD4-0A8F-41C7-8533-C552974FD442}.Release|x86.Build.0 = Debug|Any CPU
		{962A97FD-236B-49E2-A6D2-8166D307E106}.Debug|Any CPU.ActiveCfg = Debug|Any CPU
		{962A97FD-236B-49E2-A6D2-8166D307E106}.Debug|Any CPU.Build.0 = Debug|Any CPU
		{962A97FD-236B-49E2-A6D2-8166D307E106}.Debug|x64.ActiveCfg = Debug|Any CPU
		{962A97FD-236B-49E2-A6D2-8166D307E106}.Debug|x64.Build.0 = Debug|Any CPU
		{962A97FD-236B-49E2-A6D2-8166D307E106}.Debug|x86.ActiveCfg = Debug|Any CPU
		{962A97FD-236B-49E2-A6D2-8166D307E106}.Debug|x86.Build.0 = Debug|Any CPU
		{962A97FD-236B-49E2-A6D2-8166D307E106}.Release|Any CPU.ActiveCfg = Release|Any CPU
		{962A97FD-236B-49E2-A6D2-8166D307E106}.Release|Any CPU.Build.0 = Release|Any CPU
		{962A97FD-236B-49E2-A6D2-8166D307E106}.Release|x64.ActiveCfg = Release|Any CPU
		{962A97FD-236B-49E2-A6D2-8166D307E106}.Release|x64.Build.0 = Release|Any CPU
		{962A97FD-236B-49E2-A6D2-8166D307E106}.Release|x86.ActiveCfg = Release|Any CPU
		{962A97FD-236B-49E2-A6D2-8166D307E106}.Release|x86.Build.0 = Release|Any CPU
		{81420488-280A-45D4-954F-FA2FDE6B7A09}.Debug|Any CPU.ActiveCfg = Debug|Any CPU
		{81420488-280A-45D4-954F-FA2FDE6B7A09}.Debug|Any CPU.Build.0 = Debug|Any CPU
		{81420488-280A-45D4-954F-FA2FDE6B7A09}.Debug|x64.ActiveCfg = Debug|Any CPU
		{81420488-280A-45D4-954F-FA2FDE6B7A09}.Debug|x64.Build.0 = Debug|Any CPU
		{81420488-280A-45D4-954F-FA2FDE6B7A09}.Debug|x86.ActiveCfg = Debug|Any CPU
		{81420488-280A-45D4-954F-FA2FDE6B7A09}.Debug|x86.Build.0 = Debug|Any CPU
		{81420488-280A-45D4-954F-FA2FDE6B7A09}.Release|Any CPU.ActiveCfg = Release|Any CPU
		{81420488-280A-45D4-954F-FA2FDE6B7A09}.Release|Any CPU.Build.0 = Release|Any CPU
		{81420488-280A-45D4-954F-FA2FDE6B7A09}.Release|x64.ActiveCfg = Release|Any CPU
		{81420488-280A-45D4-954F-FA2FDE6B7A09}.Release|x64.Build.0 = Release|Any CPU
		{81420488-280A-45D4-954F-FA2FDE6B7A09}.Release|x86.ActiveCfg = Release|Any CPU
		{81420488-280A-45D4-954F-FA2FDE6B7A09}.Release|x86.Build.0 = Release|Any CPU
		{53569D4C-6787-47F8-9C1B-2E8DF71991F4}.Debug|Any CPU.ActiveCfg = Debug|Any CPU
		{53569D4C-6787-47F8-9C1B-2E8DF71991F4}.Debug|Any CPU.Build.0 = Debug|Any CPU
		{53569D4C-6787-47F8-9C1B-2E8DF71991F4}.Debug|x64.ActiveCfg = Debug|Any CPU
		{53569D4C-6787-47F8-9C1B-2E8DF71991F4}.Debug|x64.Build.0 = Debug|Any CPU
		{53569D4C-6787-47F8-9C1B-2E8DF71991F4}.Debug|x86.ActiveCfg = Debug|Any CPU
		{53569D4C-6787-47F8-9C1B-2E8DF71991F4}.Debug|x86.Build.0 = Debug|Any CPU
		{53569D4C-6787-47F8-9C1B-2E8DF71991F4}.Release|Any CPU.ActiveCfg = Release|Any CPU
		{53569D4C-6787-47F8-9C1B-2E8DF71991F4}.Release|Any CPU.Build.0 = Release|Any CPU
		{53569D4C-6787-47F8-9C1B-2E8DF71991F4}.Release|x64.ActiveCfg = Release|Any CPU
		{53569D4C-6787-47F8-9C1B-2E8DF71991F4}.Release|x64.Build.0 = Release|Any CPU
		{53569D4C-6787-47F8-9C1B-2E8DF71991F4}.Release|x86.ActiveCfg = Release|Any CPU
		{53569D4C-6787-47F8-9C1B-2E8DF71991F4}.Release|x86.Build.0 = Release|Any CPU
		{0648A192-3A90-4351-B500-3B7970762AF0}.Debug|Any CPU.ActiveCfg = Debug|Any CPU
		{0648A192-3A90-4351-B500-3B7970762AF0}.Debug|Any CPU.Build.0 = Debug|Any CPU
		{0648A192-3A90-4351-B500-3B7970762AF0}.Debug|x64.ActiveCfg = Debug|Any CPU
		{0648A192-3A90-4351-B500-3B7970762AF0}.Debug|x64.Build.0 = Debug|Any CPU
		{0648A192-3A90-4351-B500-3B7970762AF0}.Debug|x86.ActiveCfg = Debug|Any CPU
		{0648A192-3A90-4351-B500-3B7970762AF0}.Debug|x86.Build.0 = Debug|Any CPU
		{0648A192-3A90-4351-B500-3B7970762AF0}.Release|Any CPU.ActiveCfg = Release|Any CPU
		{0648A192-3A90-4351-B500-3B7970762AF0}.Release|Any CPU.Build.0 = Release|Any CPU
		{0648A192-3A90-4351-B500-3B7970762AF0}.Release|x64.ActiveCfg = Release|Any CPU
		{0648A192-3A90-4351-B500-3B7970762AF0}.Release|x64.Build.0 = Release|Any CPU
		{0648A192-3A90-4351-B500-3B7970762AF0}.Release|x86.ActiveCfg = Release|Any CPU
		{0648A192-3A90-4351-B500-3B7970762AF0}.Release|x86.Build.0 = Release|Any CPU
		{B924FF1A-D733-47A0-864D-10B3BF37ECB8}.Debug|Any CPU.ActiveCfg = Debug|Any CPU
		{B924FF1A-D733-47A0-864D-10B3BF37ECB8}.Debug|Any CPU.Build.0 = Debug|Any CPU
		{B924FF1A-D733-47A0-864D-10B3BF37ECB8}.Debug|x64.ActiveCfg = Debug|Any CPU
		{B924FF1A-D733-47A0-864D-10B3BF37ECB8}.Debug|x64.Build.0 = Debug|Any CPU
		{B924FF1A-D733-47A0-864D-10B3BF37ECB8}.Debug|x86.ActiveCfg = Debug|Any CPU
		{B924FF1A-D733-47A0-864D-10B3BF37ECB8}.Debug|x86.Build.0 = Debug|Any CPU
		{B924FF1A-D733-47A0-864D-10B3BF37ECB8}.Release|Any CPU.ActiveCfg = Release|Any CPU
		{B924FF1A-D733-47A0-864D-10B3BF37ECB8}.Release|Any CPU.Build.0 = Release|Any CPU
		{B924FF1A-D733-47A0-864D-10B3BF37ECB8}.Release|x64.ActiveCfg = Release|Any CPU
		{B924FF1A-D733-47A0-864D-10B3BF37ECB8}.Release|x64.Build.0 = Release|Any CPU
		{B924FF1A-D733-47A0-864D-10B3BF37ECB8}.Release|x86.ActiveCfg = Release|Any CPU
		{B924FF1A-D733-47A0-864D-10B3BF37ECB8}.Release|x86.Build.0 = Release|Any CPU
		{FCB24D46-C6D8-4F01-8285-335B8A2970AB}.Debug|Any CPU.ActiveCfg = Debug|Any CPU
		{FCB24D46-C6D8-4F01-8285-335B8A2970AB}.Debug|Any CPU.Build.0 = Debug|Any CPU
		{FCB24D46-C6D8-4F01-8285-335B8A2970AB}.Debug|x64.ActiveCfg = Debug|Any CPU
		{FCB24D46-C6D8-4F01-8285-335B8A2970AB}.Debug|x64.Build.0 = Debug|Any CPU
		{FCB24D46-C6D8-4F01-8285-335B8A2970AB}.Debug|x86.ActiveCfg = Debug|Any CPU
		{FCB24D46-C6D8-4F01-8285-335B8A2970AB}.Debug|x86.Build.0 = Debug|Any CPU
		{FCB24D46-C6D8-4F01-8285-335B8A2970AB}.Release|Any CPU.ActiveCfg = Release|Any CPU
		{FCB24D46-C6D8-4F01-8285-335B8A2970AB}.Release|Any CPU.Build.0 = Release|Any CPU
		{FCB24D46-C6D8-4F01-8285-335B8A2970AB}.Release|x64.ActiveCfg = Release|Any CPU
		{FCB24D46-C6D8-4F01-8285-335B8A2970AB}.Release|x64.Build.0 = Release|Any CPU
		{FCB24D46-C6D8-4F01-8285-335B8A2970AB}.Release|x86.ActiveCfg = Release|Any CPU
		{FCB24D46-C6D8-4F01-8285-335B8A2970AB}.Release|x86.Build.0 = Release|Any CPU
	EndGlobalSection
	GlobalSection(SolutionProperties) = preSolution
		HideSolutionNode = FALSE
	EndGlobalSection
	GlobalSection(NestedProjects) = preSolution
		{53569D4C-6787-47F8-9C1B-2E8DF71991F4} = {3853A977-749F-48D2-B90C-2124978B679B}
		{0648A192-3A90-4351-B500-3B7970762AF0} = {3853A977-749F-48D2-B90C-2124978B679B}
		{B924FF1A-D733-47A0-864D-10B3BF37ECB8} = {3853A977-749F-48D2-B90C-2124978B679B}
	EndGlobalSection
	GlobalSection(ExtensibilityGlobals) = postSolution
		SolutionGuid = {475B1879-0F25-430F-A688-50515385C316}
	EndGlobalSection
EndGlobal
