
Microsoft Visual Studio Solution File, Format Version 12.00
# Visual Studio Version 16
VisualStudioVersion = 16.0.29911.84
MinimumVisualStudioVersion = 15.0.26124.0
Project("{9A19103F-16F7-4668-BE54-9A1E7A4F7556}") = "Bot.DataStore", "Bot.DataStore\Bot.DataStore.csproj", "{623F94FC-61AF-4243-A247-E0DCA2736D2A}"
EndProject
Project("{9A19103F-16F7-4668-BE54-9A1E7A4F7556}") = "Bot.DataAccessLayer", "Bot.DataAccessLayer\Bot.DataAccessLayer.csproj", "{0AD96285-6F10-4C88-AA0A-5CFB3888F073}"
EndProject
Project("{9A19103F-16F7-4668-BE54-9A1E7A4F7556}") = "Bot.TelegramWorker", "Bot.TelegramWorker\Bot.TelegramWorker.csproj", "{D7C5C799-F3A9-46B4-9E0A-C33BE1984662}"
EndProject
Project("{E53339B2-1760-4266-BCC7-CA923CBCF16C}") = "docker-compose", "docker-compose.dcproj", "{EEA93AD4-0A8F-41C7-8533-C552974FD442}"
EndProject
Global
	GlobalSection(SolutionConfigurationPlatforms) = preSolution
		Debug|Any CPU = Debug|Any CPU
		Debug|x64 = Debug|x64
		Debug|x86 = Debug|x86
		Release|Any CPU = Release|Any CPU
		Release|x64 = Release|x64
		Release|x86 = Release|x86
	EndGlobalSection
	GlobalSection(ProjectConfigurationPlatforms) = postSolution
		{623F94FC-61AF-4243-A247-E0DCA2736D2A}.Debug|Any CPU.ActiveCfg = Debug|Any CPU
		{623F94FC-61AF-4243-A247-E0DCA2736D2A}.Debug|Any CPU.Build.0 = Debug|Any CPU
		{623F94FC-61AF-4243-A247-E0DCA2736D2A}.Debug|x64.ActiveCfg = Debug|Any CPU
		{623F94FC-61AF-4243-A247-E0DCA2736D2A}.Debug|x64.Build.0 = Debug|Any CPU
		{623F94FC-61AF-4243-A247-E0DCA2736D2A}.Debug|x86.ActiveCfg = Debug|Any CPU
		{623F94FC-61AF-4243-A247-E0DCA2736D2A}.Debug|x86.Build.0 = Debug|Any CPU
		{623F94FC-61AF-4243-A247-E0DCA2736D2A}.Release|Any CPU.ActiveCfg = Release|Any CPU
		{623F94FC-61AF-4243-A247-E0DCA2736D2A}.Release|Any CPU.Build.0 = Release|Any CPU
		{623F94FC-61AF-4243-A247-E0DCA2736D2A}.Release|x64.ActiveCfg = Release|Any CPU
		{623F94FC-61AF-4243-A247-E0DCA2736D2A}.Release|x64.Build.0 = Release|Any CPU
		{623F94FC-61AF-4243-A247-E0DCA2736D2A}.Release|x86.ActiveCfg = Release|Any CPU
		{623F94FC-61AF-4243-A247-E0DCA2736D2A}.Release|x86.Build.0 = Release|Any CPU
		{0AD96285-6F10-4C88-AA0A-5CFB3888F073}.Debug|Any CPU.ActiveCfg = Debug|Any CPU
		{0AD96285-6F10-4C88-AA0A-5CFB3888F073}.Debug|Any CPU.Build.0 = Debug|Any CPU
		{0AD96285-6F10-4C88-AA0A-5CFB3888F073}.Debug|x64.ActiveCfg = Debug|Any CPU
		{0AD96285-6F10-4C88-AA0A-5CFB3888F073}.Debug|x64.Build.0 = Debug|Any CPU
		{0AD96285-6F10-4C88-AA0A-5CFB3888F073}.Debug|x86.ActiveCfg = Debug|Any CPU
		{0AD96285-6F10-4C88-AA0A-5CFB3888F073}.Debug|x86.Build.0 = Debug|Any CPU
		{0AD96285-6F10-4C88-AA0A-5CFB3888F073}.Release|Any CPU.ActiveCfg = Release|Any CPU
		{0AD96285-6F10-4C88-AA0A-5CFB3888F073}.Release|Any CPU.Build.0 = Release|Any CPU
		{0AD96285-6F10-4C88-AA0A-5CFB3888F073}.Release|x64.ActiveCfg = Release|Any CPU
		{0AD96285-6F10-4C88-AA0A-5CFB3888F073}.Release|x64.Build.0 = Release|Any CPU
		{0AD96285-6F10-4C88-AA0A-5CFB3888F073}.Release|x86.ActiveCfg = Release|Any CPU
		{0AD96285-6F10-4C88-AA0A-5CFB3888F073}.Release|x86.Build.0 = Release|Any CPU
		{D7C5C799-F3A9-46B4-9E0A-C33BE1984662}.Debug|Any CPU.ActiveCfg = Debug|Any CPU
		{D7C5C799-F3A9-46B4-9E0A-C33BE1984662}.Debug|Any CPU.Build.0 = Debug|Any CPU
		{D7C5C799-F3A9-46B4-9E0A-C33BE1984662}.Debug|x64.ActiveCfg = Debug|Any CPU
		{D7C5C799-F3A9-46B4-9E0A-C33BE1984662}.Debug|x64.Build.0 = Debug|Any CPU
		{D7C5C799-F3A9-46B4-9E0A-C33BE1984662}.Debug|x86.ActiveCfg = Debug|Any CPU
		{D7C5C799-F3A9-46B4-9E0A-C33BE1984662}.Debug|x86.Build.0 = Debug|Any CPU
		{D7C5C799-F3A9-46B4-9E0A-C33BE1984662}.Release|Any CPU.ActiveCfg = Release|Any CPU
		{D7C5C799-F3A9-46B4-9E0A-C33BE1984662}.Release|Any CPU.Build.0 = Release|Any CPU
		{D7C5C799-F3A9-46B4-9E0A-C33BE1984662}.Release|x64.ActiveCfg = Release|Any CPU
		{D7C5C799-F3A9-46B4-9E0A-C33BE1984662}.Release|x64.Build.0 = Release|Any CPU
		{D7C5C799-F3A9-46B4-9E0A-C33BE1984662}.Release|x86.ActiveCfg = Release|Any CPU
		{D7C5C799-F3A9-46B4-9E0A-C33BE1984662}.Release|x86.Build.0 = Release|Any CPU
		{EEA93AD4-0A8F-41C7-8533-C552974FD442}.Debug|Any CPU.ActiveCfg = Debug|Any CPU
		{EEA93AD4-0A8F-41C7-8533-C552974FD442}.Debug|Any CPU.Build.0 = Debug|Any CPU
		{EEA93AD4-0A8F-41C7-8533-C552974FD442}.Debug|x64.ActiveCfg = Debug|Any CPU
		{EEA93AD4-0A8F-41C7-8533-C552974FD442}.Debug|x64.Build.0 = Debug|Any CPU
		{EEA93AD4-0A8F-41C7-8533-C552974FD442}.Debug|x86.ActiveCfg = Debug|Any CPU
		{EEA93AD4-0A8F-41C7-8533-C552974FD442}.Debug|x86.Build.0 = Debug|Any CPU
		{EEA93AD4-0A8F-41C7-8533-C552974FD442}.Release|Any CPU.ActiveCfg = Release|Any CPU
		{EEA93AD4-0A8F-41C7-8533-C552974FD442}.Release|Any CPU.Build.0 = Release|Any CPU
		{EEA93AD4-0A8F-41C7-8533-C552974FD442}.Release|x64.ActiveCfg = Release|Any CPU
		{EEA93AD4-0A8F-41C7-8533-C552974FD442}.Release|x64.Build.0 = Release|Any CPU
		{EEA93AD4-0A8F-41C7-8533-C552974FD442}.Release|x86.ActiveCfg = Release|Any CPU
		{EEA93AD4-0A8F-41C7-8533-C552974FD442}.Release|x86.Build.0 = Release|Any CPU
	EndGlobalSection
	GlobalSection(SolutionProperties) = preSolution
		HideSolutionNode = FALSE
	EndGlobalSection
	GlobalSection(ExtensibilityGlobals) = postSolution
		SolutionGuid = {475B1879-0F25-430F-A688-50515385C316}
	EndGlobalSection
EndGlobal
