
Microsoft Visual Studio Solution File, Format Version 12.00
# Visual Studio Version 16
VisualStudioVersion = 16.0.29911.84
MinimumVisualStudioVersion = 15.0.26124.0
Project("{FAE04EC0-301F-11D3-BF4B-00C04F79EFBC}") = "docker-compose", "deploy\docker-compose.dcproj", "{EEA93AD4-0A8F-41C7-8533-C552974FD442}"
EndProject
Project("{FAE04EC0-301F-11D3-BF4B-00C04F79EFBC}") = "Bot.DataAccessLayer", "src\Bot.DataAccessLayer\Bot.DataAccessLayer.csproj", "{962A97FD-236B-49E2-A6D2-8166D307E106}"
EndProject
Project("{FAE04EC0-301F-11D3-BF4B-00C04F79EFBC}") = "Bot.DataStore", "src\Bot.DataStore\Bot.DataStore.csproj", "{81420488-280A-45D4-954F-FA2FDE6B7A09}"
EndProject
Project("{FAE04EC0-301F-11D3-BF4B-00C04F79EFBC}") = "Bot.TelegramWorker", "src\Bot.TelegramWorker\Bot.TelegramWorker.csproj", "{47F417B8-A265-4022-B032-CA7D43638CC0}"
EndProject
Global
	GlobalSection(SolutionConfigurationPlatforms) = preSolution
		Debug|Any CPU = Debug|Any CPU
		Debug|x64 = Debug|x64
		Debug|x86 = Debug|x86
		Release|Any CPU = Release|Any CPU
		Release|x64 = Release|x64
		Release|x86 = Release|x86
	EndGlobalSection
	GlobalSection(ProjectConfigurationPlatforms) = postSolution
		{EEA93AD4-0A8F-41C7-8533-C552974FD442}.Debug|Any CPU.ActiveCfg = Debug|Any CPU
		{EEA93AD4-0A8F-41C7-8533-C552974FD442}.Debug|Any CPU.Build.0 = Debug|Any CPU
		{EEA93AD4-0A8F-41C7-8533-C552974FD442}.Debug|x64.ActiveCfg = Debug|Any CPU
		{EEA93AD4-0A8F-41C7-8533-C552974FD442}.Debug|x64.Build.0 = Debug|Any CPU
		{EEA93AD4-0A8F-41C7-8533-C552974FD442}.Debug|x86.ActiveCfg = Debug|Any CPU
		{EEA93AD4-0A8F-41C7-8533-C552974FD442}.Debug|x86.Build.0 = Debug|Any CPU
		{EEA93AD4-0A8F-41C7-8533-C552974FD442}.Release|Any CPU.ActiveCfg = Debug|Any CPU
		{EEA93AD4-0A8F-41C7-8533-C552974FD442}.Release|Any CPU.Build.0 = Debug|Any CPU
		{EEA93AD4-0A8F-41C7-8533-C552974FD442}.Release|x64.ActiveCfg = Debug|Any CPU
		{EEA93AD4-0A8F-41C7-8533-C552974FD442}.Release|x64.Build.0 = Debug|Any CPU
		{EEA93AD4-0A8F-41C7-8533-C552974FD442}.Release|x86.ActiveCfg = Debug|Any CPU
		{EEA93AD4-0A8F-41C7-8533-C552974FD442}.Release|x86.Build.0 = Debug|Any CPU
		{962A97FD-236B-49E2-A6D2-8166D307E106}.Debug|Any CPU.ActiveCfg = Debug|Any CPU
		{962A97FD-236B-49E2-A6D2-8166D307E106}.Debug|Any CPU.Build.0 = Debug|Any CPU
		{962A97FD-236B-49E2-A6D2-8166D307E106}.Debug|x64.ActiveCfg = Debug|Any CPU
		{962A97FD-236B-49E2-A6D2-8166D307E106}.Debug|x64.Build.0 = Debug|Any CPU
		{962A97FD-236B-49E2-A6D2-8166D307E106}.Debug|x86.ActiveCfg = Debug|Any CPU
		{962A97FD-236B-49E2-A6D2-8166D307E106}.Debug|x86.Build.0 = Debug|Any CPU
		{962A97FD-236B-49E2-A6D2-8166D307E106}.Release|Any CPU.ActiveCfg = Release|Any CPU
		{962A97FD-236B-49E2-A6D2-8166D307E106}.Release|Any CPU.Build.0 = Release|Any CPU
		{962A97FD-236B-49E2-A6D2-8166D307E106}.Release|x64.ActiveCfg = Release|Any CPU
		{962A97FD-236B-49E2-A6D2-8166D307E106}.Release|x64.Build.0 = Release|Any CPU
		{962A97FD-236B-49E2-A6D2-8166D307E106}.Release|x86.ActiveCfg = Release|Any CPU
		{962A97FD-236B-49E2-A6D2-8166D307E106}.Release|x86.Build.0 = Release|Any CPU
		{81420488-280A-45D4-954F-FA2FDE6B7A09}.Debug|Any CPU.ActiveCfg = Debug|Any CPU
		{81420488-280A-45D4-954F-FA2FDE6B7A09}.Debug|Any CPU.Build.0 = Debug|Any CPU
		{81420488-280A-45D4-954F-FA2FDE6B7A09}.Debug|x64.ActiveCfg = Debug|Any CPU
		{81420488-280A-45D4-954F-FA2FDE6B7A09}.Debug|x64.Build.0 = Debug|Any CPU
		{81420488-280A-45D4-954F-FA2FDE6B7A09}.Debug|x86.ActiveCfg = Debug|Any CPU
		{81420488-280A-45D4-954F-FA2FDE6B7A09}.Debug|x86.Build.0 = Debug|Any CPU
		{81420488-280A-45D4-954F-FA2FDE6B7A09}.Release|Any CPU.ActiveCfg = Release|Any CPU
		{81420488-280A-45D4-954F-FA2FDE6B7A09}.Release|Any CPU.Build.0 = Release|Any CPU
		{81420488-280A-45D4-954F-FA2FDE6B7A09}.Release|x64.ActiveCfg = Release|Any CPU
		{81420488-280A-45D4-954F-FA2FDE6B7A09}.Release|x64.Build.0 = Release|Any CPU
		{81420488-280A-45D4-954F-FA2FDE6B7A09}.Release|x86.ActiveCfg = Release|Any CPU
		{81420488-280A-45D4-954F-FA2FDE6B7A09}.Release|x86.Build.0 = Release|Any CPU
		{47F417B8-A265-4022-B032-CA7D43638CC0}.Debug|Any CPU.ActiveCfg = Debug|Any CPU
		{47F417B8-A265-4022-B032-CA7D43638CC0}.Debug|Any CPU.Build.0 = Debug|Any CPU
		{47F417B8-A265-4022-B032-CA7D43638CC0}.Debug|x64.ActiveCfg = Debug|Any CPU
		{47F417B8-A265-4022-B032-CA7D43638CC0}.Debug|x64.Build.0 = Debug|Any CPU
		{47F417B8-A265-4022-B032-CA7D43638CC0}.Debug|x86.ActiveCfg = Debug|Any CPU
		{47F417B8-A265-4022-B032-CA7D43638CC0}.Debug|x86.Build.0 = Debug|Any CPU
		{47F417B8-A265-4022-B032-CA7D43638CC0}.Release|Any CPU.ActiveCfg = Release|Any CPU
		{47F417B8-A265-4022-B032-CA7D43638CC0}.Release|Any CPU.Build.0 = Release|Any CPU
		{47F417B8-A265-4022-B032-CA7D43638CC0}.Release|x64.ActiveCfg = Release|Any CPU
		{47F417B8-A265-4022-B032-CA7D43638CC0}.Release|x64.Build.0 = Release|Any CPU
		{47F417B8-A265-4022-B032-CA7D43638CC0}.Release|x86.ActiveCfg = Release|Any CPU
		{47F417B8-A265-4022-B032-CA7D43638CC0}.Release|x86.Build.0 = Release|Any CPU
	EndGlobalSection
	GlobalSection(SolutionProperties) = preSolution
		HideSolutionNode = FALSE
	EndGlobalSection
	GlobalSection(ExtensibilityGlobals) = postSolution
		SolutionGuid = {475B1879-0F25-430F-A688-50515385C316}
	EndGlobalSection
EndGlobal
